// !$*UTF8*$!
{
	archiveVersion = 1;
	classes = {
	};
	objectVersion = 55;
	objects = {

/* Begin PBXBuildFile section */
		8F0A22AF287C11D60062B2D2 /* EmotionViewController.swift in Sources */ = {isa = PBXBuildFile; fileRef = 8F0A22AE287C11D60062B2D2 /* EmotionViewController.swift */; };
		8F186B66287D21250054AD29 /* SegmentedViewController.swift in Sources */ = {isa = PBXBuildFile; fileRef = 8F186B65287D21250054AD29 /* SegmentedViewController.swift */; };
		8F4192842880EA2C005BD315 /* Storyboard.storyboard in Resources */ = {isa = PBXBuildFile; fileRef = 8F4192832880EA2C005BD315 /* Storyboard.storyboard */; };
		8F4192862880EFB8005BD315 /* TransitionFirstViewController.swift in Sources */ = {isa = PBXBuildFile; fileRef = 8F4192852880EFB8005BD315 /* TransitionFirstViewController.swift */; };
		8F4192882880FDFF005BD315 /* TransitionSecondViewController.swift in Sources */ = {isa = PBXBuildFile; fileRef = 8F4192872880FDFF005BD315 /* TransitionSecondViewController.swift */; };
		8F5AEB3F287BA3E50095C3AD /* AppDelegate.swift in Sources */ = {isa = PBXBuildFile; fileRef = 8F5AEB3E287BA3E50095C3AD /* AppDelegate.swift */; };
		8F5AEB41287BA3E50095C3AD /* SceneDelegate.swift in Sources */ = {isa = PBXBuildFile; fileRef = 8F5AEB40287BA3E50095C3AD /* SceneDelegate.swift */; };
		8F5AEB43287BA3E50095C3AD /* ViewController.swift in Sources */ = {isa = PBXBuildFile; fileRef = 8F5AEB42287BA3E50095C3AD /* ViewController.swift */; };
		8F5AEB46287BA3E50095C3AD /* Main.storyboard in Resources */ = {isa = PBXBuildFile; fileRef = 8F5AEB44287BA3E50095C3AD /* Main.storyboard */; };
		8F5AEB48287BA3E60095C3AD /* Assets.xcassets in Resources */ = {isa = PBXBuildFile; fileRef = 8F5AEB47287BA3E60095C3AD /* Assets.xcassets */; };
		8F5AEB4B287BA3E60095C3AD /* LaunchScreen.storyboard in Resources */ = {isa = PBXBuildFile; fileRef = 8F5AEB49287BA3E60095C3AD /* LaunchScreen.storyboard */; };
		8F71D584287FA67E006E8F8B /* Setting.storyboard in Resources */ = {isa = PBXBuildFile; fileRef = 8F71D583287FA67E006E8F8B /* Setting.storyboard */; };
		8F71D586287FA803006E8F8B /* Search.storyboard in Resources */ = {isa = PBXBuildFile; fileRef = 8F71D585287FA803006E8F8B /* Search.storyboard */; };
		8F71D589287FAEDD006E8F8B /* SideMenu in Frameworks */ = {isa = PBXBuildFile; productRef = 8F71D588287FAEDD006E8F8B /* SideMenu */; };
		8F71D592287FB044006E8F8B /* SideMenu in Frameworks */ = {isa = PBXBuildFile; productRef = 8F71D591287FB044006E8F8B /* SideMenu */; };
		8F8BBEA9287E639400ABBDD5 /* churros@3x.png in Resources */ = {isa = PBXBuildFile; fileRef = 8F8BBEA8287E639400ABBDD5 /* churros@3x.png */; };
		8FDEDC22287FBBFC00D779BD /* TextFieldEffects in Frameworks */ = {isa = PBXBuildFile; productRef = 8FDEDC21287FBBFC00D779BD /* TextFieldEffects */; };
/* End PBXBuildFile section */

/* Begin PBXFileReference section */
		8F0A22AE287C11D60062B2D2 /* EmotionViewController.swift */ = {isa = PBXFileReference; lastKnownFileType = sourcecode.swift; path = EmotionViewController.swift; sourceTree = "<group>"; };
		8F186B65287D21250054AD29 /* SegmentedViewController.swift */ = {isa = PBXFileReference; lastKnownFileType = sourcecode.swift; path = SegmentedViewController.swift; sourceTree = "<group>"; };
		8F4192832880EA2C005BD315 /* Storyboard.storyboard */ = {isa = PBXFileReference; lastKnownFileType = file.storyboard; path = Storyboard.storyboard; sourceTree = "<group>"; };
		8F4192852880EFB8005BD315 /* TransitionFirstViewController.swift */ = {isa = PBXFileReference; lastKnownFileType = sourcecode.swift; path = TransitionFirstViewController.swift; sourceTree = "<group>"; };
		8F4192872880FDFF005BD315 /* TransitionSecondViewController.swift */ = {isa = PBXFileReference; lastKnownFileType = sourcecode.swift; path = TransitionSecondViewController.swift; sourceTree = "<group>"; };
		8F5AEB3B287BA3E50095C3AD /* SesacSecondWeek.app */ = {isa = PBXFileReference; explicitFileType = wrapper.application; includeInIndex = 0; path = SesacSecondWeek.app; sourceTree = BUILT_PRODUCTS_DIR; };
		8F5AEB3E287BA3E50095C3AD /* AppDelegate.swift */ = {isa = PBXFileReference; lastKnownFileType = sourcecode.swift; path = AppDelegate.swift; sourceTree = "<group>"; };
		8F5AEB40287BA3E50095C3AD /* SceneDelegate.swift */ = {isa = PBXFileReference; lastKnownFileType = sourcecode.swift; path = SceneDelegate.swift; sourceTree = "<group>"; };
		8F5AEB42287BA3E50095C3AD /* ViewController.swift */ = {isa = PBXFileReference; lastKnownFileType = sourcecode.swift; path = ViewController.swift; sourceTree = "<group>"; };
		8F5AEB45287BA3E50095C3AD /* Base */ = {isa = PBXFileReference; lastKnownFileType = file.storyboard; name = Base; path = Base.lproj/Main.storyboard; sourceTree = "<group>"; };
		8F5AEB47287BA3E60095C3AD /* Assets.xcassets */ = {isa = PBXFileReference; lastKnownFileType = folder.assetcatalog; path = Assets.xcassets; sourceTree = "<group>"; };
		8F5AEB4A287BA3E60095C3AD /* Base */ = {isa = PBXFileReference; lastKnownFileType = file.storyboard; name = Base; path = Base.lproj/LaunchScreen.storyboard; sourceTree = "<group>"; };
		8F5AEB4C287BA3E60095C3AD /* Info.plist */ = {isa = PBXFileReference; lastKnownFileType = text.plist.xml; path = Info.plist; sourceTree = "<group>"; };
		8F71D583287FA67E006E8F8B /* Setting.storyboard */ = {isa = PBXFileReference; lastKnownFileType = file.storyboard; path = Setting.storyboard; sourceTree = "<group>"; };
		8F71D585287FA803006E8F8B /* Search.storyboard */ = {isa = PBXFileReference; lastKnownFileType = file.storyboard; path = Search.storyboard; sourceTree = "<group>"; };
		8F8BBEA8287E639400ABBDD5 /* churros@3x.png */ = {isa = PBXFileReference; lastKnownFileType = image.png; path = "churros@3x.png"; sourceTree = "<group>"; };
/* End PBXFileReference section */

/* Begin PBXFrameworksBuildPhase section */
		8F5AEB38287BA3E50095C3AD /* Frameworks */ = {
			isa = PBXFrameworksBuildPhase;
			buildActionMask = 2147483647;
			files = (
				8FDEDC22287FBBFC00D779BD /* TextFieldEffects in Frameworks */,
				8F71D592287FB044006E8F8B /* SideMenu in Frameworks */,
				8F71D589287FAEDD006E8F8B /* SideMenu in Frameworks */,
			);
			runOnlyForDeploymentPostprocessing = 0;
		};
/* End PBXFrameworksBuildPhase section */

/* Begin PBXGroup section */
		8F4192822880EA1E005BD315 /* Transition */ = {
			isa = PBXGroup;
			children = (
				8F4192832880EA2C005BD315 /* Storyboard.storyboard */,
				8F4192852880EFB8005BD315 /* TransitionFirstViewController.swift */,
				8F4192872880FDFF005BD315 /* TransitionSecondViewController.swift */,
			);
			path = Transition;
			sourceTree = "<group>";
		};
		8F5AEB32287BA3E50095C3AD = {
			isa = PBXGroup;
			children = (
				8F4192822880EA1E005BD315 /* Transition */,
				8F5AEB3D287BA3E50095C3AD /* SesacSecondWeek */,
				8F5AEB3C287BA3E50095C3AD /* Products */,
			);
			sourceTree = "<group>";
		};
		8F5AEB3C287BA3E50095C3AD /* Products */ = {
			isa = PBXGroup;
			children = (
				8F5AEB3B287BA3E50095C3AD /* SesacSecondWeek.app */,
			);
			name = Products;
			sourceTree = "<group>";
		};
		8F5AEB3D287BA3E50095C3AD /* SesacSecondWeek */ = {
			isa = PBXGroup;
			children = (
				8F186B65287D21250054AD29 /* SegmentedViewController.swift */,
				8F5AEB3E287BA3E50095C3AD /* AppDelegate.swift */,
				8F5AEB40287BA3E50095C3AD /* SceneDelegate.swift */,
				8F5AEB42287BA3E50095C3AD /* ViewController.swift */,
				8F0A22AE287C11D60062B2D2 /* EmotionViewController.swift */,
				8F8BBEA8287E639400ABBDD5 /* churros@3x.png */,
				8F5AEB44287BA3E50095C3AD /* Main.storyboard */,
				8F71D583287FA67E006E8F8B /* Setting.storyboard */,
				8F71D585287FA803006E8F8B /* Search.storyboard */,
				8F5AEB47287BA3E60095C3AD /* Assets.xcassets */,
				8F5AEB49287BA3E60095C3AD /* LaunchScreen.storyboard */,
				8F5AEB4C287BA3E60095C3AD /* Info.plist */,
			);
			path = SesacSecondWeek;
			sourceTree = "<group>";
		};
/* End PBXGroup section */

/* Begin PBXNativeTarget section */
		8F5AEB3A287BA3E50095C3AD /* SesacSecondWeek */ = {
			isa = PBXNativeTarget;
			buildConfigurationList = 8F5AEB4F287BA3E60095C3AD /* Build configuration list for PBXNativeTarget "SesacSecondWeek" */;
			buildPhases = (
				8F5AEB37287BA3E50095C3AD /* Sources */,
				8F5AEB38287BA3E50095C3AD /* Frameworks */,
				8F5AEB39287BA3E50095C3AD /* Resources */,
			);
			buildRules = (
			);
			dependencies = (
			);
			name = SesacSecondWeek;
			packageProductDependencies = (
				8F71D588287FAEDD006E8F8B /* SideMenu */,
				8F71D591287FB044006E8F8B /* SideMenu */,
				8FDEDC21287FBBFC00D779BD /* TextFieldEffects */,
			);
			productName = SesacSecondWeek;
			productReference = 8F5AEB3B287BA3E50095C3AD /* SesacSecondWeek.app */;
			productType = "com.apple.product-type.application";
		};
/* End PBXNativeTarget section */

/* Begin PBXProject section */
		8F5AEB33287BA3E50095C3AD /* Project object */ = {
			isa = PBXProject;
			attributes = {
				BuildIndependentTargetsInParallel = 1;
				LastSwiftUpdateCheck = 1340;
				LastUpgradeCheck = 1340;
				TargetAttributes = {
					8F5AEB3A287BA3E50095C3AD = {
						CreatedOnToolsVersion = 13.4.1;
					};
				};
			};
			buildConfigurationList = 8F5AEB36287BA3E50095C3AD /* Build configuration list for PBXProject "SesacSecondWeek" */;
			compatibilityVersion = "Xcode 13.0";
			developmentRegion = en;
			hasScannedForEncodings = 0;
			knownRegions = (
				en,
				Base,
			);
			mainGroup = 8F5AEB32287BA3E50095C3AD;
			packageReferences = (
				8F71D587287FAEDD006E8F8B /* XCRemoteSwiftPackageReference "SideMenu" */,
				8FDEDC1F287FBA7F00D779BD /* XCRemoteSwiftPackageReference "TextFieldEffects" */,
				8FDEDC23287FBC6200D779BD /* XCRemoteSwiftPackageReference "FSCalendar" */,
			);
			productRefGroup = 8F5AEB3C287BA3E50095C3AD /* Products */;
			projectDirPath = "";
			projectRoot = "";
			targets = (
				8F5AEB3A287BA3E50095C3AD /* SesacSecondWeek */,
			);
		};
/* End PBXProject section */

/* Begin PBXResourcesBuildPhase section */
		8F5AEB39287BA3E50095C3AD /* Resources */ = {
			isa = PBXResourcesBuildPhase;
			buildActionMask = 2147483647;
			files = (
				8F5AEB4B287BA3E60095C3AD /* LaunchScreen.storyboard in Resources */,
				8F5AEB48287BA3E60095C3AD /* Assets.xcassets in Resources */,
				8F71D584287FA67E006E8F8B /* Setting.storyboard in Resources */,
				8F8BBEA9287E639400ABBDD5 /* churros@3x.png in Resources */,
				8F71D586287FA803006E8F8B /* Search.storyboard in Resources */,
				8F4192842880EA2C005BD315 /* Storyboard.storyboard in Resources */,
				8F5AEB46287BA3E50095C3AD /* Main.storyboard in Resources */,
			);
			runOnlyForDeploymentPostprocessing = 0;
		};
/* End PBXResourcesBuildPhase section */

/* Begin PBXSourcesBuildPhase section */
		8F5AEB37287BA3E50095C3AD /* Sources */ = {
			isa = PBXSourcesBuildPhase;
			buildActionMask = 2147483647;
			files = (
				8F0A22AF287C11D60062B2D2 /* EmotionViewController.swift in Sources */,
				8F5AEB43287BA3E50095C3AD /* ViewController.swift in Sources */,
				8F4192862880EFB8005BD315 /* TransitionFirstViewController.swift in Sources */,
				8F186B66287D21250054AD29 /* SegmentedViewController.swift in Sources */,
				8F5AEB3F287BA3E50095C3AD /* AppDelegate.swift in Sources */,
				8F4192882880FDFF005BD315 /* TransitionSecondViewController.swift in Sources */,
				8F5AEB41287BA3E50095C3AD /* SceneDelegate.swift in Sources */,
			);
			runOnlyForDeploymentPostprocessing = 0;
		};
/* End PBXSourcesBuildPhase section */

/* Begin PBXVariantGroup section */
		8F5AEB44287BA3E50095C3AD /* Main.storyboard */ = {
			isa = PBXVariantGroup;
			children = (
				8F5AEB45287BA3E50095C3AD /* Base */,
			);
			name = Main.storyboard;
			sourceTree = "<group>";
		};
		8F5AEB49287BA3E60095C3AD /* LaunchScreen.storyboard */ = {
			isa = PBXVariantGroup;
			children = (
				8F5AEB4A287BA3E60095C3AD /* Base */,
			);
			name = LaunchScreen.storyboard;
			sourceTree = "<group>";
		};
/* End PBXVariantGroup section */

/* Begin XCBuildConfiguration section */
		8F5AEB4D287BA3E60095C3AD /* Debug */ = {
			isa = XCBuildConfiguration;
			buildSettings = {
				ALWAYS_SEARCH_USER_PATHS = NO;
				CLANG_ANALYZER_NONNULL = YES;
				CLANG_ANALYZER_NUMBER_OBJECT_CONVERSION = YES_AGGRESSIVE;
				CLANG_CXX_LANGUAGE_STANDARD = "gnu++17";
				CLANG_ENABLE_MODULES = YES;
				CLANG_ENABLE_OBJC_ARC = YES;
				CLANG_ENABLE_OBJC_WEAK = YES;
				CLANG_WARN_BLOCK_CAPTURE_AUTORELEASING = YES;
				CLANG_WARN_BOOL_CONVERSION = YES;
				CLANG_WARN_COMMA = YES;
				CLANG_WARN_CONSTANT_CONVERSION = YES;
				CLANG_WARN_DEPRECATED_OBJC_IMPLEMENTATIONS = YES;
				CLANG_WARN_DIRECT_OBJC_ISA_USAGE = YES_ERROR;
				CLANG_WARN_DOCUMENTATION_COMMENTS = YES;
				CLANG_WARN_EMPTY_BODY = YES;
				CLANG_WARN_ENUM_CONVERSION = YES;
				CLANG_WARN_INFINITE_RECURSION = YES;
				CLANG_WARN_INT_CONVERSION = YES;
				CLANG_WARN_NON_LITERAL_NULL_CONVERSION = YES;
				CLANG_WARN_OBJC_IMPLICIT_RETAIN_SELF = YES;
				CLANG_WARN_OBJC_LITERAL_CONVERSION = YES;
				CLANG_WARN_OBJC_ROOT_CLASS = YES_ERROR;
				CLANG_WARN_QUOTED_INCLUDE_IN_FRAMEWORK_HEADER = YES;
				CLANG_WARN_RANGE_LOOP_ANALYSIS = YES;
				CLANG_WARN_STRICT_PROTOTYPES = YES;
				CLANG_WARN_SUSPICIOUS_MOVE = YES;
				CLANG_WARN_UNGUARDED_AVAILABILITY = YES_AGGRESSIVE;
				CLANG_WARN_UNREACHABLE_CODE = YES;
				CLANG_WARN__DUPLICATE_METHOD_MATCH = YES;
				COPY_PHASE_STRIP = NO;
				DEBUG_INFORMATION_FORMAT = dwarf;
				ENABLE_STRICT_OBJC_MSGSEND = YES;
				ENABLE_TESTABILITY = YES;
				GCC_C_LANGUAGE_STANDARD = gnu11;
				GCC_DYNAMIC_NO_PIC = NO;
				GCC_NO_COMMON_BLOCKS = YES;
				GCC_OPTIMIZATION_LEVEL = 0;
				GCC_PREPROCESSOR_DEFINITIONS = (
					"DEBUG=1",
					"$(inherited)",
				);
				GCC_WARN_64_TO_32_BIT_CONVERSION = YES;
				GCC_WARN_ABOUT_RETURN_TYPE = YES_ERROR;
				GCC_WARN_UNDECLARED_SELECTOR = YES;
				GCC_WARN_UNINITIALIZED_AUTOS = YES_AGGRESSIVE;
				GCC_WARN_UNUSED_FUNCTION = YES;
				GCC_WARN_UNUSED_VARIABLE = YES;
				IPHONEOS_DEPLOYMENT_TARGET = 15.5;
				MTL_ENABLE_DEBUG_INFO = INCLUDE_SOURCE;
				MTL_FAST_MATH = YES;
				ONLY_ACTIVE_ARCH = YES;
				SDKROOT = iphoneos;
				SWIFT_ACTIVE_COMPILATION_CONDITIONS = DEBUG;
				SWIFT_OPTIMIZATION_LEVEL = "-Onone";
			};
			name = Debug;
		};
		8F5AEB4E287BA3E60095C3AD /* Release */ = {
			isa = XCBuildConfiguration;
			buildSettings = {
				ALWAYS_SEARCH_USER_PATHS = NO;
				CLANG_ANALYZER_NONNULL = YES;
				CLANG_ANALYZER_NUMBER_OBJECT_CONVERSION = YES_AGGRESSIVE;
				CLANG_CXX_LANGUAGE_STANDARD = "gnu++17";
				CLANG_ENABLE_MODULES = YES;
				CLANG_ENABLE_OBJC_ARC = YES;
				CLANG_ENABLE_OBJC_WEAK = YES;
				CLANG_WARN_BLOCK_CAPTURE_AUTORELEASING = YES;
				CLANG_WARN_BOOL_CONVERSION = YES;
				CLANG_WARN_COMMA = YES;
				CLANG_WARN_CONSTANT_CONVERSION = YES;
				CLANG_WARN_DEPRECATED_OBJC_IMPLEMENTATIONS = YES;
				CLANG_WARN_DIRECT_OBJC_ISA_USAGE = YES_ERROR;
				CLANG_WARN_DOCUMENTATION_COMMENTS = YES;
				CLANG_WARN_EMPTY_BODY = YES;
				CLANG_WARN_ENUM_CONVERSION = YES;
				CLANG_WARN_INFINITE_RECURSION = YES;
				CLANG_WARN_INT_CONVERSION = YES;
				CLANG_WARN_NON_LITERAL_NULL_CONVERSION = YES;
				CLANG_WARN_OBJC_IMPLICIT_RETAIN_SELF = YES;
				CLANG_WARN_OBJC_LITERAL_CONVERSION = YES;
				CLANG_WARN_OBJC_ROOT_CLASS = YES_ERROR;
				CLANG_WARN_QUOTED_INCLUDE_IN_FRAMEWORK_HEADER = YES;
				CLANG_WARN_RANGE_LOOP_ANALYSIS = YES;
				CLANG_WARN_STRICT_PROTOTYPES = YES;
				CLANG_WARN_SUSPICIOUS_MOVE = YES;
				CLANG_WARN_UNGUARDED_AVAILABILITY = YES_AGGRESSIVE;
				CLANG_WARN_UNREACHABLE_CODE = YES;
				CLANG_WARN__DUPLICATE_METHOD_MATCH = YES;
				COPY_PHASE_STRIP = NO;
				DEBUG_INFORMATION_FORMAT = "dwarf-with-dsym";
				ENABLE_NS_ASSERTIONS = NO;
				ENABLE_STRICT_OBJC_MSGSEND = YES;
				GCC_C_LANGUAGE_STANDARD = gnu11;
				GCC_NO_COMMON_BLOCKS = YES;
				GCC_WARN_64_TO_32_BIT_CONVERSION = YES;
				GCC_WARN_ABOUT_RETURN_TYPE = YES_ERROR;
				GCC_WARN_UNDECLARED_SELECTOR = YES;
				GCC_WARN_UNINITIALIZED_AUTOS = YES_AGGRESSIVE;
				GCC_WARN_UNUSED_FUNCTION = YES;
				GCC_WARN_UNUSED_VARIABLE = YES;
				IPHONEOS_DEPLOYMENT_TARGET = 15.5;
				MTL_ENABLE_DEBUG_INFO = NO;
				MTL_FAST_MATH = YES;
				SDKROOT = iphoneos;
				SWIFT_COMPILATION_MODE = wholemodule;
				SWIFT_OPTIMIZATION_LEVEL = "-O";
				VALIDATE_PRODUCT = YES;
			};
			name = Release;
		};
		8F5AEB50287BA3E60095C3AD /* Debug */ = {
			isa = XCBuildConfiguration;
			buildSettings = {
				ASSETCATALOG_COMPILER_APPICON_NAME = AppIcon;
				ASSETCATALOG_COMPILER_GLOBAL_ACCENT_COLOR_NAME = AccentColor;
				CODE_SIGN_STYLE = Automatic;
				CURRENT_PROJECT_VERSION = 1;
				DEVELOPMENT_TEAM = Z56UT2Z9KH;
				GENERATE_INFOPLIST_FILE = YES;
				INFOPLIST_FILE = SesacSecondWeek/Info.plist;
				INFOPLIST_KEY_UIApplicationSupportsIndirectInputEvents = YES;
				INFOPLIST_KEY_UILaunchStoryboardName = LaunchScreen;
				INFOPLIST_KEY_UIMainStoryboardFile = Setting;
				INFOPLIST_KEY_UISupportedInterfaceOrientations = "UIInterfaceOrientationLandscapeLeft UIInterfaceOrientationLandscapeRight";
				INFOPLIST_KEY_UISupportedInterfaceOrientations_iPad = "UIInterfaceOrientationPortrait UIInterfaceOrientationPortraitUpsideDown UIInterfaceOrientationLandscapeLeft UIInterfaceOrientationLandscapeRight";
				INFOPLIST_KEY_UISupportedInterfaceOrientations_iPhone = "UIInterfaceOrientationPortrait UIInterfaceOrientationLandscapeLeft UIInterfaceOrientationLandscapeRight";
				LD_RUNPATH_SEARCH_PATHS = (
					"$(inherited)",
					"@executable_path/Frameworks",
				);
				MARKETING_VERSION = 1.0;
				PRODUCT_BUNDLE_IDENTIFIER = com.ohlee.SesacSecondWeek;
				PRODUCT_NAME = "$(TARGET_NAME)";
				SWIFT_EMIT_LOC_STRINGS = YES;
				SWIFT_VERSION = 5.0;
				TARGETED_DEVICE_FAMILY = 1;
			};
			name = Debug;
		};
		8F5AEB51287BA3E60095C3AD /* Release */ = {
			isa = XCBuildConfiguration;
			buildSettings = {
				ASSETCATALOG_COMPILER_APPICON_NAME = AppIcon;
				ASSETCATALOG_COMPILER_GLOBAL_ACCENT_COLOR_NAME = AccentColor;
				CODE_SIGN_STYLE = Automatic;
				CURRENT_PROJECT_VERSION = 1;
				DEVELOPMENT_TEAM = Z56UT2Z9KH;
				GENERATE_INFOPLIST_FILE = YES;
				INFOPLIST_FILE = SesacSecondWeek/Info.plist;
				INFOPLIST_KEY_UIApplicationSupportsIndirectInputEvents = YES;
				INFOPLIST_KEY_UILaunchStoryboardName = LaunchScreen;
				INFOPLIST_KEY_UIMainStoryboardFile = Setting;
				INFOPLIST_KEY_UISupportedInterfaceOrientations = "UIInterfaceOrientationLandscapeLeft UIInterfaceOrientationLandscapeRight";
				INFOPLIST_KEY_UISupportedInterfaceOrientations_iPad = "UIInterfaceOrientationPortrait UIInterfaceOrientationPortraitUpsideDown UIInterfaceOrientationLandscapeLeft UIInterfaceOrientationLandscapeRight";
				INFOPLIST_KEY_UISupportedInterfaceOrientations_iPhone = "UIInterfaceOrientationPortrait UIInterfaceOrientationLandscapeLeft UIInterfaceOrientationLandscapeRight";
				LD_RUNPATH_SEARCH_PATHS = (
					"$(inherited)",
					"@executable_path/Frameworks",
				);
				MARKETING_VERSION = 1.0;
				PRODUCT_BUNDLE_IDENTIFIER = com.ohlee.SesacSecondWeek;
				PRODUCT_NAME = "$(TARGET_NAME)";
				SWIFT_EMIT_LOC_STRINGS = YES;
				SWIFT_VERSION = 5.0;
				TARGETED_DEVICE_FAMILY = 1;
			};
			name = Release;
		};
/* End XCBuildConfiguration section */

/* Begin XCConfigurationList section */
		8F5AEB36287BA3E50095C3AD /* Build configuration list for PBXProject "SesacSecondWeek" */ = {
			isa = XCConfigurationList;
			buildConfigurations = (
				8F5AEB4D287BA3E60095C3AD /* Debug */,
				8F5AEB4E287BA3E60095C3AD /* Release */,
			);
			defaultConfigurationIsVisible = 0;
			defaultConfigurationName = Release;
		};
		8F5AEB4F287BA3E60095C3AD /* Build configuration list for PBXNativeTarget "SesacSecondWeek" */ = {
			isa = XCConfigurationList;
			buildConfigurations = (
				8F5AEB50287BA3E60095C3AD /* Debug */,
				8F5AEB51287BA3E60095C3AD /* Release */,
			);
			defaultConfigurationIsVisible = 0;
			defaultConfigurationName = Release;
		};
/* End XCConfigurationList section */

/* Begin XCRemoteSwiftPackageReference section */
		8F71D587287FAEDD006E8F8B /* XCRemoteSwiftPackageReference "SideMenu" */ = {
			isa = XCRemoteSwiftPackageReference;
			repositoryURL = "https://github.com/jonkykong/SideMenu.git";
			requirement = {
				kind = upToNextMajorVersion;
				minimumVersion = 6.0.0;
			};
		};
		8FDEDC1F287FBA7F00D779BD /* XCRemoteSwiftPackageReference "TextFieldEffects" */ = {
			isa = XCRemoteSwiftPackageReference;
			repositoryURL = "https://github.com/raulriera/TextFieldEffects.git";
			requirement = {
				kind = upToNextMajorVersion;
				minimumVersion = 1.0.0;
			};
		};
		8FDEDC23287FBC6200D779BD /* XCRemoteSwiftPackageReference "FSCalendar" */ = {
			isa = XCRemoteSwiftPackageReference;
			repositoryURL = "https://github.com/WenchaoD/FSCalendar.git";
			requirement = {
				kind = upToNextMajorVersion;
				minimumVersion = 2.0.0;
			};
		};
/* End XCRemoteSwiftPackageReference section */

/* Begin XCSwiftPackageProductDependency section */
		8F71D588287FAEDD006E8F8B /* SideMenu */ = {
			isa = XCSwiftPackageProductDependency;
			package = 8F71D587287FAEDD006E8F8B /* XCRemoteSwiftPackageReference "SideMenu" */;
			productName = SideMenu;
		};
		8F71D591287FB044006E8F8B /* SideMenu */ = {
			isa = XCSwiftPackageProductDependency;
			package = 8F71D587287FAEDD006E8F8B /* XCRemoteSwiftPackageReference "SideMenu" */;
			productName = SideMenu;
		};
		8FDEDC21287FBBFC00D779BD /* TextFieldEffects */ = {
			isa = XCSwiftPackageProductDependency;
			package = 8FDEDC1F287FBA7F00D779BD /* XCRemoteSwiftPackageReference "TextFieldEffects" */;
			productName = TextFieldEffects;
		};
/* End XCSwiftPackageProductDependency section */
	};
	rootObject = 8F5AEB33287BA3E50095C3AD /* Project object */;
}
